
Microsoft Visual Studio Solution File, Format Version 12.00
# Visual Studio Version 17
VisualStudioVersion = 17.14.36518.9 d17.14
MinimumVisualStudioVersion = 10.0.40219.1
Project("{FAE04EC0-301F-11D3-BF4B-00C04F79EFBC}") = "LargeFileStreamReader", "LargeFileStreamReader\LargeFileStreamReader.csproj", "{DAB0DA70-7CCB-4A24-B485-16E371A5C56B}"
EndProject
Global
	GlobalSection(SolutionConfigurationPlatforms) = preSolution
		Debug|Any CPU = Debug|Any CPU
		Release|Any CPU = Release|Any CPU
	EndGlobalSection
	GlobalSection(ProjectConfigurationPlatforms) = postSolution
		{DAB0DA70-7CCB-4A24-B485-16E371A5C56B}.Debug|Any CPU.ActiveCfg = Debug|Any CPU
		{DAB0DA70-7CCB-4A24-B485-16E371A5C56B}.Debug|Any CPU.Build.0 = Debug|Any CPU
		{DAB0DA70-7CCB-4A24-B485-16E371A5C56B}.Release|Any CPU.ActiveCfg = Release|Any CPU
		{DAB0DA70-7CCB-4A24-B485-16E371A5C56B}.Release|Any CPU.Build.0 = Release|Any CPU
	EndGlobalSection
	GlobalSection(SolutionProperties) = preSolution
		HideSolutionNode = FALSE
	EndGlobalSection
	GlobalSection(ExtensibilityGlobals) = postSolution
		SolutionGuid = {6DBE75FB-CE86-45B4-B6F2-FFB2A8077975}
	EndGlobalSection
EndGlobal
